PODS:
  - SDWebImage (3.8.2):
    - SDWebImage/Core (= 3.8.2)
  - SDWebImage/Core (3.8.2)
  - UMengUShare/Core (6.4.2):
    - UMengUShare/Network
  - UMengUShare/Network (6.4.2)
  - UMengUShare/Social/QQ (6.4.2):
    - UMengUShare/Core
    - UMengUShare/Social/ReducedQQ
  - UMengUShare/Social/ReducedQQ (6.4.2):
    - UMengUShare/Core
  - UMengUShare/Social/ReducedWeChat (6.4.2):
    - UMengUShare/Core
  - UMengUShare/Social/WeChat (6.4.2):
    - UMengUShare/Core
    - UMengUShare/Social/ReducedWeChat
  - UMengUShare/UI (6.4.2):
    - UMengUShare/Core

DEPENDENCIES:
  - SDWebImage (~> 3.8)
  - UMengUShare/Social/QQ
  - UMengUShare/Social/WeChat
  - UMengUShare/UI

SPEC CHECKSUMS:
  SDWebImage: 098e97e6176540799c27e804c96653ee0833d13c
  UMengUShare: 740664d1dd5cc2fb2cc3325d61e4b35539aa9c78

PODFILE CHECKSUM: 8d04643fee0d4b2f9e64bf61293ced269de86c17

COCOAPODS: 1.1.1
